
Microsoft Visual Studio Solution File, Format Version 12.00
# Visual Studio 2013
VisualStudioVersion = 12.0.40629.0
MinimumVisualStudioVersion = 10.0.40219.1
Project("{FAE04EC0-301F-11D3-BF4B-00C04F79EFBC}") = "File Folder Note", "File Folder Note\File Folder Note.csproj", "{F16FA432-5464-410D-AE83-31F771CB16A4}"
EndProject
Project("{FAE04EC0-301F-11D3-BF4B-00C04F79EFBC}") = "ConsoleApplication1", "ConsoleApplication1\ConsoleApplication1.csproj", "{B13A591A-8A2D-4906-9DE6-61CC31673092}"
EndProject
Global
	GlobalSection(SolutionConfigurationPlatforms) = preSolution
		Debug|Any CPU = Debug|Any CPU
		Release|Any CPU = Release|Any CPU
	EndGlobalSection
	GlobalSection(ProjectConfigurationPlatforms) = postSolution
		{F16FA432-5464-410D-AE83-31F771CB16A4}.Debug|Any CPU.ActiveCfg = Debug|Any CPU
		{F16FA432-5464-410D-AE83-31F771CB16A4}.Debug|Any CPU.Build.0 = Debug|Any CPU
		{F16FA432-5464-410D-AE83-31F771CB16A4}.Release|Any CPU.ActiveCfg = Release|Any CPU
		{F16FA432-5464-410D-AE83-31F771CB16A4}.Release|Any CPU.Build.0 = Release|Any CPU
		{B13A591A-8A2D-4906-9DE6-61CC31673092}.Debug|Any CPU.ActiveCfg = Debug|Any CPU
		{B13A591A-8A2D-4906-9DE6-61CC31673092}.Debug|Any CPU.Build.0 = Debug|Any CPU
		{B13A591A-8A2D-4906-9DE6-61CC31673092}.Release|Any CPU.ActiveCfg = Release|Any CPU
		{B13A591A-8A2D-4906-9DE6-61CC31673092}.Release|Any CPU.Build.0 = Release|Any CPU
	EndGlobalSection
	GlobalSection(SolutionProperties) = preSolution
		HideSolutionNode = FALSE
	EndGlobalSection
EndGlobal
